
Microsoft Visual Studio Solution File, Format Version 12.00
# Visual Studio Version 16
VisualStudioVersion = 16.0.30225.117
MinimumVisualStudioVersion = 10.0.40219.1
Project("{FAE04EC0-301F-11D3-BF4B-00C04F79EFBC}") = "AsyncWcfFacade", "AsyncWcfFacade\AsyncWcfFacade.csproj", "{582454B6-9946-42EE-BB4A-79BE0A869B1F}"
EndProject
Project("{FAE04EC0-301F-11D3-BF4B-00C04F79EFBC}") = "AsyncWcfFacade.Core.Client", "AsyncWcfFacade.Core.Client\AsyncWcfFacade.Core.Client.csproj", "{A876A32C-3C62-4838-B34E-CE7432E4BB17}"
EndProject
Global
	GlobalSection(SolutionConfigurationPlatforms) = preSolution
		Debug|Any CPU = Debug|Any CPU
		Release|Any CPU = Release|Any CPU
	EndGlobalSection
	GlobalSection(ProjectConfigurationPlatforms) = postSolution
		{582454B6-9946-42EE-BB4A-79BE0A869B1F}.Debug|Any CPU.ActiveCfg = Debug|Any CPU
		{582454B6-9946-42EE-BB4A-79BE0A869B1F}.Debug|Any CPU.Build.0 = Debug|Any CPU
		{582454B6-9946-42EE-BB4A-79BE0A869B1F}.Release|Any CPU.ActiveCfg = Release|Any CPU
		{582454B6-9946-42EE-BB4A-79BE0A869B1F}.Release|Any CPU.Build.0 = Release|Any CPU
		{A876A32C-3C62-4838-B34E-CE7432E4BB17}.Debug|Any CPU.ActiveCfg = Debug|Any CPU
		{A876A32C-3C62-4838-B34E-CE7432E4BB17}.Debug|Any CPU.Build.0 = Debug|Any CPU
		{A876A32C-3C62-4838-B34E-CE7432E4BB17}.Release|Any CPU.ActiveCfg = Release|Any CPU
		{A876A32C-3C62-4838-B34E-CE7432E4BB17}.Release|Any CPU.Build.0 = Release|Any CPU
	EndGlobalSection
	GlobalSection(SolutionProperties) = preSolution
		HideSolutionNode = FALSE
	EndGlobalSection
	GlobalSection(ExtensibilityGlobals) = postSolution
		SolutionGuid = {25C0B180-918E-4028-AB43-062AC24953E2}
	EndGlobalSection
EndGlobal
